
Microsoft Visual Studio Solution File, Format Version 12.00
# Visual Studio Version 17
VisualStudioVersion = 17.3.32929.385
MinimumVisualStudioVersion = 10.0.40219.1
Project("{FAE04EC0-301F-11D3-BF4B-00C04F79EFBC}") = "Практическая7", "Практическая7\Практическая7.csproj", "{6C375102-4296-4D7C-84F2-5ABD53888FA2}"
EndProject
Global
	GlobalSection(SolutionConfigurationPlatforms) = preSolution
		Debug|Any CPU = Debug|Any CPU
		Release|Any CPU = Release|Any CPU
	EndGlobalSection
	GlobalSection(ProjectConfigurationPlatforms) = postSolution
		{6C375102-4296-4D7C-84F2-5ABD53888FA2}.Debug|Any CPU.ActiveCfg = Debug|Any CPU
		{6C375102-4296-4D7C-84F2-5ABD53888FA2}.Debug|Any CPU.Build.0 = Debug|Any CPU
		{6C375102-4296-4D7C-84F2-5ABD53888FA2}.Release|Any CPU.ActiveCfg = Release|Any CPU
		{6C375102-4296-4D7C-84F2-5ABD53888FA2}.Release|Any CPU.Build.0 = Release|Any CPU
	EndGlobalSection
	GlobalSection(SolutionProperties) = preSolution
		HideSolutionNode = FALSE
	EndGlobalSection
	GlobalSection(ExtensibilityGlobals) = postSolution
		SolutionGuid = {5D4CA14D-9745-424A-8E95-4604FBCEB709}
	EndGlobalSection
EndGlobal
